
Microsoft Visual Studio Solution File, Format Version 12.00
# Visual Studio Version 16
VisualStudioVersion = 16.0.29609.76
MinimumVisualStudioVersion = 10.0.40219.1
Project("{FAE04EC0-301F-11D3-BF4B-00C04F79EFBC}") = "WebApplication1", "WebApplication1\WebApplication1.csproj", "{9406B113-EC54-4C91-AE4C-59F67BFD50B9}"
EndProject
Global
	GlobalSection(SolutionConfigurationPlatforms) = preSolution
		Debug|Any CPU = Debug|Any CPU
		Release|Any CPU = Release|Any CPU
	EndGlobalSection
	GlobalSection(ProjectConfigurationPlatforms) = postSolution
		{9406B113-EC54-4C91-AE4C-59F67BFD50B9}.Debug|Any CPU.ActiveCfg = Debug|Any CPU
		{9406B113-EC54-4C91-AE4C-59F67BFD50B9}.Debug|Any CPU.Build.0 = Debug|Any CPU
		{9406B113-EC54-4C91-AE4C-59F67BFD50B9}.Release|Any CPU.ActiveCfg = Release|Any CPU
		{9406B113-EC54-4C91-AE4C-59F67BFD50B9}.Release|Any CPU.Build.0 = Release|Any CPU
	EndGlobalSection
	GlobalSection(SolutionProperties) = preSolution
		HideSolutionNode = FALSE
	EndGlobalSection
	GlobalSection(ExtensibilityGlobals) = postSolution
		SolutionGuid = {92535F67-1015-41C9-973A-4531D5ECA3DE}
	EndGlobalSection
EndGlobal
