
Microsoft Visual Studio Solution File, Format Version 12.00
# Visual Studio Version 16
VisualStudioVersion = 16.0.29609.76
MinimumVisualStudioVersion = 10.0.40219.1
Project("{FAE04EC0-301F-11D3-BF4B-00C04F79EFBC}") = "WebApplication1", "WebApplication1\WebApplication1.csproj", "{D927F3AD-6F0B-4E27-816F-FE8CCC57BFFC}"
EndProject
Global
	GlobalSection(SolutionConfigurationPlatforms) = preSolution
		Debug|Any CPU = Debug|Any CPU
		Release|Any CPU = Release|Any CPU
	EndGlobalSection
	GlobalSection(ProjectConfigurationPlatforms) = postSolution
		{D927F3AD-6F0B-4E27-816F-FE8CCC57BFFC}.Debug|Any CPU.ActiveCfg = Debug|Any CPU
		{D927F3AD-6F0B-4E27-816F-FE8CCC57BFFC}.Debug|Any CPU.Build.0 = Debug|Any CPU
		{D927F3AD-6F0B-4E27-816F-FE8CCC57BFFC}.Release|Any CPU.ActiveCfg = Release|Any CPU
		{D927F3AD-6F0B-4E27-816F-FE8CCC57BFFC}.Release|Any CPU.Build.0 = Release|Any CPU
	EndGlobalSection
	GlobalSection(SolutionProperties) = preSolution
		HideSolutionNode = FALSE
	EndGlobalSection
	GlobalSection(ExtensibilityGlobals) = postSolution
		SolutionGuid = {14B6D4E5-5EB6-4A0E-9B19-55B659A6EEEF}
	EndGlobalSection
EndGlobal
